lockfile_version: '1'
generated_at: '2026-10-04T18:01:43.126127+00:00'
apm_version: 0.28.0
dependencies:
- repo_url: radoslavirha/toolkit-hub
  name: toolkit-adoption
  host: github.com
  resolved_commit: 43146e459b727b4c008d92495e13830ca83804a9
  version: 0.1.0
  virtual_path: apm-plugins/adoption
  is_virtual: true
  package_type: apm_package
  deployed_files:
  - .claude/skills/adopting-toolkit-hub
  - .claude/skills/adopting-toolkit-hub/SKILL.md
  deployed_file_hashes:
    .claude/skills/adopting-toolkit-hub/SKILL.md: sha256:0bfb62a19b57f35213685bd0ef95be0d39ac9b6eace075edd7875d0d97ca8f41
  content_hash: sha256:30ba1b21a33fde9ea3813e7dff08035e2035fc4e46899cd5d8ba7ae9f4b957a0
  declared_license: MIT
- repo_url: radoslavirha/toolkit-hub
  name: tsed-service
  host: github.com
  resolved_commit: 43146e459b727b4c008d92495e13830ca83804a9
  version: 0.2.0
  virtual_path: apm-plugins/tsed-service
  is_virtual: true
  package_type: apm_package
  deployed_files:
  - .claude/skills/building-a-tsed-service
  - .claude/skills/building-a-tsed-service/SKILL.md
  deployed_file_hashes:
    .claude/skills/building-a-tsed-service/SKILL.md: sha256:d0d1c490ef94d02b58019c8688a354d5b9298405aaa9eb2ec7d72127ae390775
  content_hash: sha256:7b2e3c3609c9386bbe6e22633270e261c4325c42faabd94ff85a7e031e928c16
  declared_license: MIT
- repo_url: radoslavirha/toolkit-hub
  name: config-eslint
  host: github.com
  resolved_commit: 43146e459b727b4c008d92495e13830ca83804a9
  version: 0.4.9
  virtual_path: config/config-eslint
  is_virtual: true
  package_type: apm_package
  deployed_files:
  - .claude/skills/using-config-eslint
  - .claude/skills/using-config-eslint/SKILL.md
  deployed_file_hashes:
    .claude/skills/using-config-eslint/SKILL.md: sha256:eaaa31e21e558a5c762e3f377a6ccaa82201db44a5d10060e8bc3b4eea4a7b9a
  content_hash: sha256:7aaf4e697d4cf3e10db436bd523897d066e40f36d837cf0399e7fb111496de06
  declared_license: MIT
- repo_url: radoslavirha/toolkit-hub
  name: config-tsdown
  host: github.com
  resolved_commit: 43146e459b727b4c008d92495e13830ca83804a9
  version: 0.2.5
  virtual_path: config/config-tsdown
  is_virtual: true
  package_type: apm_package
  deployed_files:
  - .claude/skills/using-config-tsdown
  - .claude/skills/using-config-tsdown/SKILL.md
  deployed_file_hashes:
    .claude/skills/using-config-tsdown/SKILL.md: sha256:0e253ff7ae7dba25c2968d016c43f79e0644709d30c71e2a232cc28c4b32c5f0
  content_hash: sha256:649ac6640c68ac6fe208d528be3d32ffbf987e20aa4632f156ecff5644aa6c5a
  declared_license: MIT
- repo_url: radoslavirha/toolkit-hub
  name: config-typescript
  host: github.com
  resolved_commit: 43146e459b727b4c008d92495e13830ca83804a9
  version: 1.1.6
  virtual_path: config/config-typescript
  is_virtual: true
  package_type: apm_package
  deployed_files:
  - .claude/skills/using-config-typescript
  - .claude/skills/using-config-typescript/SKILL.md
  deployed_file_hashes:
    .claude/skills/using-config-typescript/SKILL.md: sha256:d2c95454a5c7beafba15acde0fa673c0e79741c714d102e24b6159b9323bf4cc
  content_hash: sha256:b0121ed80917d554f7f1237153f50232772130d2eea065e30cc0d434c796169d
  declared_license: MIT
- repo_url: radoslavirha/toolkit-hub
  name: config-vitest
  host: github.com
  resolved_commit: 43146e459b727b4c008d92495e13830ca83804a9
  version: 0.4.7
  virtual_path: config/config-vitest
  is_virtual: true
  package_type: apm_package
  deployed_files:
  - .claude/skills/using-config-vitest
  - .claude/skills/using-config-vitest/SKILL.md
  deployed_file_hashes:
    .claude/skills/using-config-vitest/SKILL.md: sha256:0102031218f321860c8ee3112578e9d1230e61ef82a8d573be3ea5ccd713d762
  content_hash: sha256:ad30df32bd1b081c944a5629cf9ae34b0017b58ea3a24d57cb0e5b17f671bc5a
  declared_license: MIT
- repo_url: radoslavirha/toolkit-hub
  name: redaction
  host: github.com
  resolved_commit: 43146e459b727b4c008d92495e13830ca83804a9
  version: 0.3.3
  virtual_path: packages/redaction
  is_virtual: true
  package_type: apm_package
  deployed_files:
  - .claude/skills/using-redaction
  - .claude/skills/using-redaction/SKILL.md
  deployed_file_hashes:
    .claude/skills/using-redaction/SKILL.md: sha256:45244313c34b9992894a6b73f7116b224eaa372fafa49415f862fab8e99100d7
  content_hash: sha256:924608de182e2fe8680855102a0bf2103c1a38aa58a362919dd3de7a6dc09557
  declared_license: MIT
- repo_url: radoslavirha/toolkit-hub
  name: utils
  host: github.com
  resolved_commit: 43146e459b727b4c008d92495e13830ca83804a9
  version: 0.9.3
  virtual_path: packages/utils
  is_virtual: true
  package_type: apm_package
  deployed_files:
  - .claude/skills/using-utils
  - .claude/skills/using-utils/SKILL.md
  deployed_file_hashes:
    .claude/skills/using-utils/SKILL.md: sha256:92211b8de878664382ab051723a4194df0c1ac3f108723ca609cfd3712358f74
  content_hash: sha256:9598686afc27e0d3ee3f6e0ea38ae4e36bb5fd0c787b7849396580b292aeff2e
  declared_license: MIT
- repo_url: radoslavirha/toolkit-hub
  name: tsed-common
  host: github.com
  resolved_commit: 43146e459b727b4c008d92495e13830ca83804a9
  version: 0.5.11
  virtual_path: tsed/common
  is_virtual: true
  package_type: apm_package
  deployed_files:
  - .claude/skills/using-tsed-common
  - .claude/skills/using-tsed-common/SKILL.md
  deployed_file_hashes:
    .claude/skills/using-tsed-common/SKILL.md: sha256:33fa6e43e68daad842a3413f7b925ff0dcaf5a0d0b6edc424922fb03bc83460f
  content_hash: sha256:c87da3bbb7c22357961d4e6a2d4ead317fb906ad78ad40323360611adaa1a5df
  declared_license: MIT
- repo_url: radoslavirha/toolkit-hub
  name: tsed-configuration
  host: github.com
  resolved_commit: 43146e459b727b4c008d92495e13830ca83804a9
  version: 0.9.0
  virtual_path: tsed/configuration
  is_virtual: true
  package_type: apm_package
  deployed_files:
  - .claude/skills/using-tsed-configuration
  - .claude/skills/using-tsed-configuration/SKILL.md
  deployed_file_hashes:
    .claude/skills/using-tsed-configuration/SKILL.md: sha256:6734efd5ebb7954497d08315294447b260e4904574187e0cb8b5d0436f4b1869
  content_hash: sha256:e547574013ac698ee0ebd70cbc380fb7757dcdd22c8b32cbc9c41775086f469c
  declared_license: MIT
- repo_url: radoslavirha/toolkit-hub
  name: tsed-logger
  host: github.com
  resolved_commit: 43146e459b727b4c008d92495e13830ca83804a9
  version: 0.7.4
  virtual_path: tsed/logger
  is_virtual: true
  package_type: apm_package
  deployed_files:
  - .claude/skills/using-tsed-logger
  - .claude/skills/using-tsed-logger/SKILL.md
  deployed_file_hashes:
    .claude/skills/using-tsed-logger/SKILL.md: sha256:e0d6ac3bc76bd677f4bdffba62e10fd5bc92c01eaa17ba6e5dac5a6fbc1951f7
  content_hash: sha256:d2d58b89caec8300703b109d615904d5e83eecfd9100698726fa698691220680
  declared_license: MIT
- repo_url: radoslavirha/toolkit-hub
  name: tsed-mongoose
  host: github.com
  resolved_commit: 43146e459b727b4c008d92495e13830ca83804a9
  version: 5.0.12
  virtual_path: tsed/mongoose
  is_virtual: true
  package_type: apm_package
  deployed_files:
  - .claude/skills/using-tsed-mongoose
  - .claude/skills/using-tsed-mongoose/SKILL.md
  deployed_file_hashes:
    .claude/skills/using-tsed-mongoose/SKILL.md: sha256:f57773a9b520cb0aa47987df4a7881c1e79debdaf902e682d20c155414dbcd7c
  content_hash: sha256:9db7aa85235116ac9828188dcb1a8af55d040de18441a9c7c21dbd9416a34111
  declared_license: MIT
- repo_url: radoslavirha/toolkit-hub
  name: tsed-platform
  host: github.com
  resolved_commit: 43146e459b727b4c008d92495e13830ca83804a9
  version: 5.0.7
  virtual_path: tsed/platform
  is_virtual: true
  package_type: apm_package
  deployed_files:
  - .claude/skills/using-tsed-platform
  - .claude/skills/using-tsed-platform/SKILL.md
  deployed_file_hashes:
    .claude/skills/using-tsed-platform/SKILL.md: sha256:594ac4205010f2ef840d245a08434500f99382ac044c3307ea87c416f7f1e963
  content_hash: sha256:3fc1d046802eed56bcc7efd22eec497765bf88f5d8a5e6521711cb1a61cb7502
  declared_license: MIT
- repo_url: radoslavirha/toolkit-hub
  name: tsed-swagger
  host: github.com
  resolved_commit: 43146e459b727b4c008d92495e13830ca83804a9
  version: 9.1.11
  virtual_path: tsed/swagger
  is_virtual: true
  package_type: apm_package
  deployed_files:
  - .claude/skills/using-tsed-swagger
  - .claude/skills/using-tsed-swagger/SKILL.md
  deployed_file_hashes:
    .claude/skills/using-tsed-swagger/SKILL.md: sha256:cc2057a96be42f4e619b73b5ea5dae48170284ea35c5a3c49421ac5e9ec44389
  content_hash: sha256:8f247636063ab8fbeb9cb98e0d5e90a63fda06ef724c233878052fb58dc33a96
  declared_license: MIT
deployments:
- kind: project-relative
  target: agents
  value: .agents/skills/add-workspace-member
  runtime: null
  scope: project
  owners:
  - .
  active_owner: .
  content_hash: null
- kind: project-relative
  target: agents
  value: .agents/skills/add-workspace-member/SKILL.md
  runtime: null
  scope: project
  owners:
  - .
  active_owner: .
  content_hash: sha256:0d8be337dc14c9daad150789ffa8854dafd72e64d927697b998f69c7017bc972
- kind: project-relative
  target: agents
  value: .agents/skills/instrument-entry-point
  runtime: null
  scope: project
  owners:
  - .
  active_owner: .
  content_hash: null
- kind: project-relative
  target: agents
  value: .agents/skills/instrument-entry-point/SKILL.md
  runtime: null
  scope: project
  owners:
  - .
  active_owner: .
  content_hash: sha256:dde43317847d390b4f6d3515d52e8d6ab6d99adce9533f3507f4e99597a80f79
- kind: project-relative
  target: agents
  value: .agents/skills/onboard-to-homelab
  runtime: null
  scope: project
  owners:
  - .
  active_owner: .
  content_hash: null
- kind: project-relative
  target: agents
  value: .agents/skills/onboard-to-homelab/SKILL.md
  runtime: null
  scope: project
  owners:
  - .
  active_owner: .
  content_hash: sha256:a63e5f55956b4be8111c7afe109b5f453a96ad662add3ccaaf9b2c31cdbe5a8e
- kind: project-relative
  target: agents
  value: .agents/skills/update-docs
  runtime: null
  scope: project
  owners:
  - .
  active_owner: .
  content_hash: null
- kind: project-relative
  target: agents
  value: .agents/skills/update-docs/SKILL.md
  runtime: null
  scope: project
  owners:
  - .
  active_owner: .
  content_hash: sha256:7a1d94bcdfecfdb6dbabde23c41994664a6a343ddc04ed755b847ec60cdcd43e
- kind: project-relative
  target: agents
  value: .agents/skills/verify-auth-in-browser
  runtime: null
  scope: project
  owners:
  - .
  active_owner: .
  content_hash: null
- kind: project-relative
  target: agents
  value: .agents/skills/verify-auth-in-browser/SKILL.md
  runtime: null
  scope: project
  owners:
  - .
  active_owner: .
  content_hash: sha256:d4f05055a8381ab1b04bad9d2fd19836269fc907a2d7fb97d07562b4b0b54f75
- kind: project-relative
  target: claude
  value: .claude/rules/react-testing.md
  runtime: null
  scope: project
  owners:
  - .
  active_owner: .
  content_hash: sha256:45a4ab8588aa844636eef05b55e54948497e4394f2cfbc4cacb5ed1544153b68
- kind: project-relative
  target: claude
  value: .claude/rules/tsed-testing.md
  runtime: null
  scope: project
  owners:
  - .
  active_owner: .
  content_hash: sha256:36917ee79d421096a6ac3b99428ae9429e26e08771e80ee8d538ddbb7c48a889
- kind: project-relative
  target: claude
  value: .claude/skills/add-workspace-member
  runtime: null
  scope: project
  owners:
  - .
  active_owner: .
  content_hash: null
- kind: project-relative
  target: claude
  value: .claude/skills/add-workspace-member/SKILL.md
  runtime: null
  scope: project
  owners:
  - .
  active_owner: .
  content_hash: sha256:0d8be337dc14c9daad150789ffa8854dafd72e64d927697b998f69c7017bc972
- kind: project-relative
  target: claude
  value: .claude/skills/adopting-toolkit-hub
  runtime: null
  scope: project
  owners:
  - radoslavirha/toolkit-hub/apm-plugins/adoption
  active_owner: radoslavirha/toolkit-hub/apm-plugins/adoption
  content_hash: null
- kind: project-relative
  target: claude
  value: .claude/skills/adopting-toolkit-hub/SKILL.md
  runtime: null
  scope: project
  owners:
  - radoslavirha/toolkit-hub/apm-plugins/adoption
  active_owner: radoslavirha/toolkit-hub/apm-plugins/adoption
  content_hash: sha256:0bfb62a19b57f35213685bd0ef95be0d39ac9b6eace075edd7875d0d97ca8f41
- kind: project-relative
  target: claude
  value: .claude/skills/building-a-tsed-service
  runtime: null
  scope: project
  owners:
  - radoslavirha/toolkit-hub/apm-plugins/tsed-service
  active_owner: radoslavirha/toolkit-hub/apm-plugins/tsed-service
  content_hash: null
- kind: project-relative
  target: claude
  value: .claude/skills/building-a-tsed-service/SKILL.md
  runtime: null
  scope: project
  owners:
  - radoslavirha/toolkit-hub/apm-plugins/tsed-service
  active_owner: radoslavirha/toolkit-hub/apm-plugins/tsed-service
  content_hash: sha256:d0d1c490ef94d02b58019c8688a354d5b9298405aaa9eb2ec7d72127ae390775
- kind: project-relative
  target: claude
  value: .claude/skills/instrument-entry-point
  runtime: null
  scope: project
  owners:
  - .
  active_owner: .
  content_hash: null
- kind: project-relative
  target: claude
  value: .claude/skills/instrument-entry-point/SKILL.md
  runtime: null
  scope: project
  owners:
  - .
  active_owner: .
  content_hash: sha256:dde43317847d390b4f6d3515d52e8d6ab6d99adce9533f3507f4e99597a80f79
- kind: project-relative
  target: claude
  value: .claude/skills/onboard-to-homelab
  runtime: null
  scope: project
  owners:
  - .
  active_owner: .
  content_hash: null
- kind: project-relative
  target: claude
  value: .claude/skills/onboard-to-homelab/SKILL.md
  runtime: null
  scope: project
  owners:
  - .
  active_owner: .
  content_hash: sha256:7cf38b272708553b62e27f2aa8bfa254113275481b6271115174a4f2e6c710bf
- kind: project-relative
  target: claude
  value: .claude/skills/update-docs
  runtime: null
  scope: project
  owners:
  - .
  active_owner: .
  content_hash: null
- kind: project-relative
  target: claude
  value: .claude/skills/update-docs/SKILL.md
  runtime: null
  scope: project
  owners:
  - .
  active_owner: .
  content_hash: sha256:7a1d94bcdfecfdb6dbabde23c41994664a6a343ddc04ed755b847ec60cdcd43e
- kind: project-relative
  target: claude
  value: .claude/skills/using-config-eslint
  runtime: null
  scope: project
  owners:
  - radoslavirha/toolkit-hub/config/config-eslint
  active_owner: radoslavirha/toolkit-hub/config/config-eslint
  content_hash: null
- kind: project-relative
  target: claude
  value: .claude/skills/using-config-eslint/SKILL.md
  runtime: null
  scope: project
  owners:
  - radoslavirha/toolkit-hub/config/config-eslint
  active_owner: radoslavirha/toolkit-hub/config/config-eslint
  content_hash: sha256:eaaa31e21e558a5c762e3f377a6ccaa82201db44a5d10060e8bc3b4eea4a7b9a
- kind: project-relative
  target: claude
  value: .claude/skills/using-config-tsdown
  runtime: null
  scope: project
  owners:
  - radoslavirha/toolkit-hub/config/config-tsdown
  active_owner: radoslavirha/toolkit-hub/config/config-tsdown
  content_hash: null
- kind: project-relative
  target: claude
  value: .claude/skills/using-config-tsdown/SKILL.md
  runtime: null
  scope: project
  owners:
  - radoslavirha/toolkit-hub/config/config-tsdown
  active_owner: radoslavirha/toolkit-hub/config/config-tsdown
  content_hash: sha256:0e253ff7ae7dba25c2968d016c43f79e0644709d30c71e2a232cc28c4b32c5f0
- kind: project-relative
  target: claude
  value: .claude/skills/using-config-typescript
  runtime: null
  scope: project
  owners:
  - radoslavirha/toolkit-hub/config/config-typescript
  active_owner: radoslavirha/toolkit-hub/config/config-typescript
  content_hash: null
- kind: project-relative
  target: claude
  value: .claude/skills/using-config-typescript/SKILL.md
  runtime: null
  scope: project
  owners:
  - radoslavirha/toolkit-hub/config/config-typescript
  active_owner: radoslavirha/toolkit-hub/config/config-typescript
  content_hash: sha256:d2c95454a5c7beafba15acde0fa673c0e79741c714d102e24b6159b9323bf4cc
- kind: project-relative
  target: claude
  value: .claude/skills/using-config-vitest
  runtime: null
  scope: project
  owners:
  - radoslavirha/toolkit-hub/config/config-vitest
  active_owner: radoslavirha/toolkit-hub/config/config-vitest
  content_hash: null
- kind: project-relative
  target: claude
  value: .claude/skills/using-config-vitest/SKILL.md
  runtime: null
  scope: project
  owners:
  - radoslavirha/toolkit-hub/config/config-vitest
  active_owner: radoslavirha/toolkit-hub/config/config-vitest
  content_hash: sha256:0102031218f321860c8ee3112578e9d1230e61ef82a8d573be3ea5ccd713d762
- kind: project-relative
  target: claude
  value: .claude/skills/using-redaction
  runtime: null
  scope: project
  owners:
  - radoslavirha/toolkit-hub/packages/redaction
  active_owner: radoslavirha/toolkit-hub/packages/redaction
  content_hash: null
- kind: project-relative
  target: claude
  value: .claude/skills/using-redaction/SKILL.md
  runtime: null
  scope: project
  owners:
  - radoslavirha/toolkit-hub/packages/redaction
  active_owner: radoslavirha/toolkit-hub/packages/redaction
  content_hash: sha256:45244313c34b9992894a6b73f7116b224eaa372fafa49415f862fab8e99100d7
- kind: project-relative
  target: claude
  value: .claude/skills/using-tsed-common
  runtime: null
  scope: project
  owners:
  - radoslavirha/toolkit-hub/tsed/common
  active_owner: radoslavirha/toolkit-hub/tsed/common
  content_hash: null
- kind: project-relative
  target: claude
  value: .claude/skills/using-tsed-common/SKILL.md
  runtime: null
  scope: project
  owners:
  - radoslavirha/toolkit-hub/tsed/common
  active_owner: radoslavirha/toolkit-hub/tsed/common
  content_hash: sha256:33fa6e43e68daad842a3413f7b925ff0dcaf5a0d0b6edc424922fb03bc83460f
- kind: project-relative
  target: claude
  value: .claude/skills/using-tsed-configuration
  runtime: null
  scope: project
  owners:
  - radoslavirha/toolkit-hub/tsed/configuration
  active_owner: radoslavirha/toolkit-hub/tsed/configuration
  content_hash: null
- kind: project-relative
  target: claude
  value: .claude/skills/using-tsed-configuration/SKILL.md
  runtime: null
  scope: project
  owners:
  - radoslavirha/toolkit-hub/tsed/configuration
  active_owner: radoslavirha/toolkit-hub/tsed/configuration
  content_hash: sha256:6734efd5ebb7954497d08315294447b260e4904574187e0cb8b5d0436f4b1869
- kind: project-relative
  target: claude
  value: .claude/skills/using-tsed-logger
  runtime: null
  scope: project
  owners:
  - radoslavirha/toolkit-hub/tsed/logger
  active_owner: radoslavirha/toolkit-hub/tsed/logger
  content_hash: null
- kind: project-relative
  target: claude
  value: .claude/skills/using-tsed-logger/SKILL.md
  runtime: null
  scope: project
  owners:
  - radoslavirha/toolkit-hub/tsed/logger
  active_owner: radoslavirha/toolkit-hub/tsed/logger
  content_hash: sha256:e0d6ac3bc76bd677f4bdffba62e10fd5bc92c01eaa17ba6e5dac5a6fbc1951f7
- kind: project-relative
  target: claude
  value: .claude/skills/using-tsed-mongoose
  runtime: null
  scope: project
  owners:
  - radoslavirha/toolkit-hub/tsed/mongoose
  active_owner: radoslavirha/toolkit-hub/tsed/mongoose
  content_hash: null
- kind: project-relative
  target: claude
  value: .claude/skills/using-tsed-mongoose/SKILL.md
  runtime: null
  scope: project
  owners:
  - radoslavirha/toolkit-hub/tsed/mongoose
  active_owner: radoslavirha/toolkit-hub/tsed/mongoose
  content_hash: sha256:f57773a9b520cb0aa47987df4a7881c1e79debdaf902e682d20c155414dbcd7c
- kind: project-relative
  target: claude
  value: .claude/skills/using-tsed-platform
  runtime: null
  scope: project
  owners:
  - radoslavirha/toolkit-hub/tsed/platform
  active_owner: radoslavirha/toolkit-hub/tsed/platform
  content_hash: null
- kind: project-relative
  target: claude
  value: .claude/skills/using-tsed-platform/SKILL.md
  runtime: null
  scope: project
  owners:
  - radoslavirha/toolkit-hub/tsed/platform
  active_owner: radoslavirha/toolkit-hub/tsed/platform
  content_hash: sha256:594ac4205010f2ef840d245a08434500f99382ac044c3307ea87c416f7f1e963
- kind: project-relative
  target: claude
  value: .claude/skills/using-tsed-swagger
  runtime: null
  scope: project
  owners:
  - radoslavirha/toolkit-hub/tsed/swagger
  active_owner: radoslavirha/toolkit-hub/tsed/swagger
  content_hash: null
- kind: project-relative
  target: claude
  value: .claude/skills/using-tsed-swagger/SKILL.md
  runtime: null
  scope: project
  owners:
  - radoslavirha/toolkit-hub/tsed/swagger
  active_owner: radoslavirha/toolkit-hub/tsed/swagger
  content_hash: sha256:cc2057a96be42f4e619b73b5ea5dae48170284ea35c5a3c49421ac5e9ec44389
- kind: project-relative
  target: claude
  value: .claude/skills/using-utils
  runtime: null
  scope: project
  owners:
  - radoslavirha/toolkit-hub/packages/utils
  active_owner: radoslavirha/toolkit-hub/packages/utils
  content_hash: null
- kind: project-relative
  target: claude
  value: .claude/skills/using-utils/SKILL.md
  runtime: null
  scope: project
  owners:
  - radoslavirha/toolkit-hub/packages/utils
  active_owner: radoslavirha/toolkit-hub/packages/utils
  content_hash: sha256:92211b8de878664382ab051723a4194df0c1ac3f108723ca609cfd3712358f74
- kind: project-relative
  target: claude
  value: .claude/skills/verify-auth-in-browser
  runtime: null
  scope: project
  owners:
  - .
  active_owner: .
  content_hash: null
- kind: project-relative
  target: claude
  value: .claude/skills/verify-auth-in-browser/SKILL.md
  runtime: null
  scope: project
  owners:
  - .
  active_owner: .
  content_hash: sha256:d4f05055a8381ab1b04bad9d2fd19836269fc907a2d7fb97d07562b4b0b54f75
local_deployed_files:
- .agents/skills/add-workspace-member
- .agents/skills/add-workspace-member/SKILL.md
- .agents/skills/instrument-entry-point
- .agents/skills/instrument-entry-point/SKILL.md
- .agents/skills/onboard-to-homelab
- .agents/skills/onboard-to-homelab/SKILL.md
- .agents/skills/update-docs
- .agents/skills/update-docs/SKILL.md
- .agents/skills/verify-auth-in-browser
- .agents/skills/verify-auth-in-browser/SKILL.md
- .claude/rules/react-testing.md
- .claude/rules/tsed-testing.md
- .claude/skills/add-workspace-member
- .claude/skills/add-workspace-member/SKILL.md
- .claude/skills/instrument-entry-point
- .claude/skills/instrument-entry-point/SKILL.md
- .claude/skills/onboard-to-homelab
- .claude/skills/onboard-to-homelab/SKILL.md
- .claude/skills/update-docs
- .claude/skills/update-docs/SKILL.md
- .claude/skills/verify-auth-in-browser
- .claude/skills/verify-auth-in-browser/SKILL.md
local_deployed_file_hashes:
  .agents/skills/add-workspace-member/SKILL.md: sha256:0d8be337dc14c9daad150789ffa8854dafd72e64d927697b998f69c7017bc972
  .agents/skills/instrument-entry-point/SKILL.md: sha256:dde43317847d390b4f6d3515d52e8d6ab6d99adce9533f3507f4e99597a80f79
  .agents/skills/onboard-to-homelab/SKILL.md: sha256:a63e5f55956b4be8111c7afe109b5f453a96ad662add3ccaaf9b2c31cdbe5a8e
  .agents/skills/update-docs/SKILL.md: sha256:7a1d94bcdfecfdb6dbabde23c41994664a6a343ddc04ed755b847ec60cdcd43e
  .agents/skills/verify-auth-in-browser/SKILL.md: sha256:d4f05055a8381ab1b04bad9d2fd19836269fc907a2d7fb97d07562b4b0b54f75
  .claude/rules/react-testing.md: sha256:45a4ab8588aa844636eef05b55e54948497e4394f2cfbc4cacb5ed1544153b68
  .claude/rules/tsed-testing.md: sha256:36917ee79d421096a6ac3b99428ae9429e26e08771e80ee8d538ddbb7c48a889
  .claude/skills/add-workspace-member/SKILL.md: sha256:0d8be337dc14c9daad150789ffa8854dafd72e64d927697b998f69c7017bc972
  .claude/skills/instrument-entry-point/SKILL.md: sha256:dde43317847d390b4f6d3515d52e8d6ab6d99adce9533f3507f4e99597a80f79
  .claude/skills/onboard-to-homelab/SKILL.md: sha256:7cf38b272708553b62e27f2aa8bfa254113275481b6271115174a4f2e6c710bf
  .claude/skills/update-docs/SKILL.md: sha256:7a1d94bcdfecfdb6dbabde23c41994664a6a343ddc04ed755b847ec60cdcd43e
  .claude/skills/verify-auth-in-browser/SKILL.md: sha256:d4f05055a8381ab1b04bad9d2fd19836269fc907a2d7fb97d07562b4b0b54f75
